Microsoft Visual Studio Solution File, Format Version 12.00
# Visual Studio Version 17
VisualStudioVersion = 17.5.2.0
MinimumVisualStudioVersion = 10.0.40219.1
Project("{FAE04EC0-301F-11D3-BF4B-00C04F79EFBC}") = "TrackJobAPI", "TrackJobAPI.csproj", "{4C7E45D6-09BF-C239-1F87-3699FE76FE3A}"
EndProject
Global
	GlobalSection(SolutionConfigurationPlatforms) = preSolution
		Debug|Any CPU = Debug|Any CPU
		Release|Any CPU = Release|Any CPU
	EndGlobalSection
	GlobalSection(ProjectConfigurationPlatforms) = postSolution
		{4C7E45D6-09BF-C239-1F87-3699FE76FE3A}.Debug|Any CPU.ActiveCfg = Debug|Any CPU
		{4C7E45D6-09BF-C239-1F87-3699FE76FE3A}.Debug|Any CPU.Build.0 = Debug|Any CPU
		{4C7E45D6-09BF-C239-1F87-3699FE76FE3A}.Release|Any CPU.ActiveCfg = Release|Any CPU
		{4C7E45D6-09BF-C239-1F87-3699FE76FE3A}.Release|Any CPU.Build.0 = Release|Any CPU
	EndGlobalSection
	GlobalSection(SolutionProperties) = preSolution
		HideSolutionNode = FALSE
	EndGlobalSection
	GlobalSection(ExtensibilityGlobals) = postSolution
		SolutionGuid = {460170D6-E72C-40EA-96B4-422F4001BF43}
	EndGlobalSection
EndGlobal
